
Microsoft Visual Studio Solution File, Format Version 12.00
# Visual Studio Version 17
VisualStudioVersion = 17.0.32126.317
MinimumVisualStudioVersion = 10.0.40219.1
Project("{8BC9CEB8-8B4A-11D0-8D11-00A0C91BC942}") = "ConsoleApplication1", "ConsoleApplication1\ConsoleApplication1.vcxproj", "{D62C0E04-579D-4FCE-805D-E3949ED39148}"
EndProject
Project("{8BC9CEB8-8B4A-11D0-8D11-00A0C91BC942}") = "Enum.c", "Enum.c\Enum.c.vcxproj", "{9342BAB6-BBD0-4BB9-86A1-17949CC8248A}"
EndProject
Project("{8BC9CEB8-8B4A-11D0-8D11-00A0C91BC942}") = "pointer", "pointer\pointer.vcxproj", "{21CC2AA5-CCF0-4E5E-A0B8-F32422AE412E}"
EndProject
Project("{8BC9CEB8-8B4A-11D0-8D11-00A0C91BC942}") = "print,width,presicsion", "print,width,presicsion\print,width,presicsion.vcxproj", "{1688A19D-C770-44E2-9A75-84256E8851B8}"
EndProject
Project("{8BC9CEB8-8B4A-11D0-8D11-00A0C91BC942}") = "scanf", "scanf\scanf.vcxproj", "{9893D46A-B9F5-476A-9AE0-EE1FB6088F6D}"
EndProject
Project("{8BC9CEB8-8B4A-11D0-8D11-00A0C91BC942}") = "modular", "modular\modular.vcxproj", "{8D0FDF00-6502-4A22-9C71-D8E3FF5A95D8}"
EndProject
Project("{8BC9CEB8-8B4A-11D0-8D11-00A0C91BC942}") = "Conditional", "Repeated\Repeated.vcxproj", "{F5B3DCC1-E3B3-40D4-88C3-D6B3C1FEB088}"
EndProject
Project("{8BC9CEB8-8B4A-11D0-8D11-00A0C91BC942}") = "movesharp", "movesharp\movesharp.vcxproj", "{27EE7744-3CA5-4963-9CA8-705DC881317B}"
EndProject
Project("{8BC9CEB8-8B4A-11D0-8D11-00A0C91BC942}") = "loop", "loop[\loop[.vcxproj", "{FC6F5619-06DB-4597-AC42-17C2415B30D4}"
EndProject
Project("{8BC9CEB8-8B4A-11D0-8D11-00A0C91BC942}") = "animationsharp", "animationsharp\animationsharp.vcxproj", "{F1E36998-8BA9-4072-9F71-A0C39463C300}"
EndProject
Project("{8BC9CEB8-8B4A-11D0-8D11-00A0C91BC942}") = "triangle", "triangle\triangle.vcxproj", "{9839E95C-711F-4342-8EB5-50F1BDC7CA2E}"
EndProject
Project("{8BC9CEB8-8B4A-11D0-8D11-00A0C91BC942}") = "loop2", "loop2\loop2.vcxproj", "{B6EEE8C2-5DE3-4702-A3C8-3CF207FCB86A}"
EndProject
Project("{8BC9CEB8-8B4A-11D0-8D11-00A0C91BC942}") = "reflectsharp", "reflectsharp\reflectsharp.vcxproj", "{D7933D22-66DE-4002-B43D-CBCDE3DFD5C2}"
EndProject
Project("{8BC9CEB8-8B4A-11D0-8D11-00A0C91BC942}") = "function", "function\function.vcxproj", "{76D99BBF-F61E-4D89-A737-C1DBE5EDEDF3}"
EndProject
Global
	GlobalSection(SolutionConfigurationPlatforms) = preSolution
		Debug|x64 = Debug|x64
		Debug|x86 = Debug|x86
		Release|x64 = Release|x64
		Release|x86 = Release|x86
	EndGlobalSection
	GlobalSection(ProjectConfigurationPlatforms) = postSolution
		{D62C0E04-579D-4FCE-805D-E3949ED39148}.Debug|x64.ActiveCfg = Debug|x64
		{D62C0E04-579D-4FCE-805D-E3949ED39148}.Debug|x64.Build.0 = Debug|x64
		{D62C0E04-579D-4FCE-805D-E3949ED39148}.Debug|x86.ActiveCfg = Debug|Win32
		{D62C0E04-579D-4FCE-805D-E3949ED39148}.Debug|x86.Build.0 = Debug|Win32
		{D62C0E04-579D-4FCE-805D-E3949ED39148}.Release|x64.ActiveCfg = Release|x64
		{D62C0E04-579D-4FCE-805D-E3949ED39148}.Release|x64.Build.0 = Release|x64
		{D62C0E04-579D-4FCE-805D-E3949ED39148}.Release|x86.ActiveCfg = Release|Win32
		{D62C0E04-579D-4FCE-805D-E3949ED39148}.Release|x86.Build.0 = Release|Win32
		{9342BAB6-BBD0-4BB9-86A1-17949CC8248A}.Debug|x64.ActiveCfg = Debug|x64
		{9342BAB6-BBD0-4BB9-86A1-17949CC8248A}.Debug|x64.Build.0 = Debug|x64
		{9342BAB6-BBD0-4BB9-86A1-17949CC8248A}.Debug|x86.ActiveCfg = Debug|Win32
		{9342BAB6-BBD0-4BB9-86A1-17949CC8248A}.Debug|x86.Build.0 = Debug|Win32
		{9342BAB6-BBD0-4BB9-86A1-17949CC8248A}.Release|x64.ActiveCfg = Release|x64
		{9342BAB6-BBD0-4BB9-86A1-17949CC8248A}.Release|x64.Build.0 = Release|x64
		{9342BAB6-BBD0-4BB9-86A1-17949CC8248A}.Release|x86.ActiveCfg = Release|Win32
		{9342BAB6-BBD0-4BB9-86A1-17949CC8248A}.Release|x86.Build.0 = Release|Win32
		{21CC2AA5-CCF0-4E5E-A0B8-F32422AE412E}.Debug|x64.ActiveCfg = Debug|x64
		{21CC2AA5-CCF0-4E5E-A0B8-F32422AE412E}.Debug|x64.Build.0 = Debug|x64
		{21CC2AA5-CCF0-4E5E-A0B8-F32422AE412E}.Debug|x86.ActiveCfg = Debug|Win32
		{21CC2AA5-CCF0-4E5E-A0B8-F32422AE412E}.Debug|x86.Build.0 = Debug|Win32
		{21CC2AA5-CCF0-4E5E-A0B8-F32422AE412E}.Release|x64.ActiveCfg = Release|x64
		{21CC2AA5-CCF0-4E5E-A0B8-F32422AE412E}.Release|x64.Build.0 = Release|x64
		{21CC2AA5-CCF0-4E5E-A0B8-F32422AE412E}.Release|x86.ActiveCfg = Release|Win32
		{21CC2AA5-CCF0-4E5E-A0B8-F32422AE412E}.Release|x86.Build.0 = Release|Win32
		{1688A19D-C770-44E2-9A75-84256E8851B8}.Debug|x64.ActiveCfg = Debug|x64
		{1688A19D-C770-44E2-9A75-84256E8851B8}.Debug|x64.Build.0 = Debug|x64
		{1688A19D-C770-44E2-9A75-84256E8851B8}.Debug|x86.ActiveCfg = Debug|Win32
		{1688A19D-C770-44E2-9A75-84256E8851B8}.Debug|x86.Build.0 = Debug|Win32
		{1688A19D-C770-44E2-9A75-84256E8851B8}.Release|x64.ActiveCfg = Release|x64
		{1688A19D-C770-44E2-9A75-84256E8851B8}.Release|x64.Build.0 = Release|x64
		{1688A19D-C770-44E2-9A75-84256E8851B8}.Release|x86.ActiveCfg = Release|Win32
		{1688A19D-C770-44E2-9A75-84256E8851B8}.Release|x86.Build.0 = Release|Win32
		{9893D46A-B9F5-476A-9AE0-EE1FB6088F6D}.Debug|x64.ActiveCfg = Debug|x64
		{9893D46A-B9F5-476A-9AE0-EE1FB6088F6D}.Debug|x64.Build.0 = Debug|x64
		{9893D46A-B9F5-476A-9AE0-EE1FB6088F6D}.Debug|x86.ActiveCfg = Debug|Win32
		{9893D46A-B9F5-476A-9AE0-EE1FB6088F6D}.Debug|x86.Build.0 = Debug|Win32
		{9893D46A-B9F5-476A-9AE0-EE1FB6088F6D}.Release|x64.ActiveCfg = Release|x64
		{9893D46A-B9F5-476A-9AE0-EE1FB6088F6D}.Release|x64.Build.0 = Release|x64
		{9893D46A-B9F5-476A-9AE0-EE1FB6088F6D}.Release|x86.ActiveCfg = Release|Win32
		{9893D46A-B9F5-476A-9AE0-EE1FB6088F6D}.Release|x86.Build.0 = Release|Win32
		{8D0FDF00-6502-4A22-9C71-D8E3FF5A95D8}.Debug|x64.ActiveCfg = Debug|x64
		{8D0FDF00-6502-4A22-9C71-D8E3FF5A95D8}.Debug|x64.Build.0 = Debug|x64
		{8D0FDF00-6502-4A22-9C71-D8E3FF5A95D8}.Debug|x86.ActiveCfg = Debug|Win32
		{8D0FDF00-6502-4A22-9C71-D8E3FF5A95D8}.Debug|x86.Build.0 = Debug|Win32
		{8D0FDF00-6502-4A22-9C71-D8E3FF5A95D8}.Release|x64.ActiveCfg = Release|x64
		{8D0FDF00-6502-4A22-9C71-D8E3FF5A95D8}.Release|x64.Build.0 = Release|x64
		{8D0FDF00-6502-4A22-9C71-D8E3FF5A95D8}.Release|x86.ActiveCfg = Release|Win32
		{8D0FDF00-6502-4A22-9C71-D8E3FF5A95D8}.Release|x86.Build.0 = Release|Win32
		{F5B3DCC1-E3B3-40D4-88C3-D6B3C1FEB088}.Debug|x64.ActiveCfg = Debug|x64
		{F5B3DCC1-E3B3-40D4-88C3-D6B3C1FEB088}.Debug|x64.Build.0 = Debug|x64
		{F5B3DCC1-E3B3-40D4-88C3-D6B3C1FEB088}.Debug|x86.ActiveCfg = Debug|Win32
		{F5B3DCC1-E3B3-40D4-88C3-D6B3C1FEB088}.Debug|x86.Build.0 = Debug|Win32
		{F5B3DCC1-E3B3-40D4-88C3-D6B3C1FEB088}.Release|x64.ActiveCfg = Release|x64
		{F5B3DCC1-E3B3-40D4-88C3-D6B3C1FEB088}.Release|x64.Build.0 = Release|x64
		{F5B3DCC1-E3B3-40D4-88C3-D6B3C1FEB088}.Release|x86.ActiveCfg = Release|Win32
		{F5B3DCC1-E3B3-40D4-88C3-D6B3C1FEB088}.Release|x86.Build.0 = Release|Win32
		{27EE7744-3CA5-4963-9CA8-705DC881317B}.Debug|x64.ActiveCfg = Debug|x64
		{27EE7744-3CA5-4963-9CA8-705DC881317B}.Debug|x64.Build.0 = Debug|x64
		{27EE7744-3CA5-4963-9CA8-705DC881317B}.Debug|x86.ActiveCfg = Debug|Win32
		{27EE7744-3CA5-4963-9CA8-705DC881317B}.Debug|x86.Build.0 = Debug|Win32
		{27EE7744-3CA5-4963-9CA8-705DC881317B}.Release|x64.ActiveCfg = Release|x64
		{27EE7744-3CA5-4963-9CA8-705DC881317B}.Release|x64.Build.0 = Release|x64
		{27EE7744-3CA5-4963-9CA8-705DC881317B}.Release|x86.ActiveCfg = Release|Win32
		{27EE7744-3CA5-4963-9CA8-705DC881317B}.Release|x86.Build.0 = Release|Win32
		{FC6F5619-06DB-4597-AC42-17C2415B30D4}.Debug|x64.ActiveCfg = Debug|x64
		{FC6F5619-06DB-4597-AC42-17C2415B30D4}.Debug|x64.Build.0 = Debug|x64
		{FC6F5619-06DB-4597-AC42-17C2415B30D4}.Debug|x86.ActiveCfg = Debug|Win32
		{FC6F5619-06DB-4597-AC42-17C2415B30D4}.Debug|x86.Build.0 = Debug|Win32
		{FC6F5619-06DB-4597-AC42-17C2415B30D4}.Release|x64.ActiveCfg = Release|x64
		{FC6F5619-06DB-4597-AC42-17C2415B30D4}.Release|x64.Build.0 = Release|x64
		{FC6F5619-06DB-4597-AC42-17C2415B30D4}.Release|x86.ActiveCfg = Release|Win32
		{FC6F5619-06DB-4597-AC42-17C2415B30D4}.Release|x86.Build.0 = Release|Win32
		{F1E36998-8BA9-4072-9F71-A0C39463C300}.Debug|x64.ActiveCfg = Debug|x64
		{F1E36998-8BA9-4072-9F71-A0C39463C300}.Debug|x64.Build.0 = Debug|x64
		{F1E36998-8BA9-4072-9F71-A0C39463C300}.Debug|x86.ActiveCfg = Debug|Win32
		{F1E36998-8BA9-4072-9F71-A0C39463C300}.Debug|x86.Build.0 = Debug|Win32
		{F1E36998-8BA9-4072-9F71-A0C39463C300}.Release|x64.ActiveCfg = Release|x64
		{F1E36998-8BA9-4072-9F71-A0C39463C300}.Release|x64.Build.0 = Release|x64
		{F1E36998-8BA9-4072-9F71-A0C39463C300}.Release|x86.ActiveCfg = Release|Win32
		{F1E36998-8BA9-4072-9F71-A0C39463C300}.Release|x86.Build.0 = Release|Win32
		{9839E95C-711F-4342-8EB5-50F1BDC7CA2E}.Debug|x64.ActiveCfg = Debug|x64
		{9839E95C-711F-4342-8EB5-50F1BDC7CA2E}.Debug|x64.Build.0 = Debug|x64
		{9839E95C-711F-4342-8EB5-50F1BDC7CA2E}.Debug|x86.ActiveCfg = Debug|Win32
		{9839E95C-711F-4342-8EB5-50F1BDC7CA2E}.Debug|x86.Build.0 = Debug|Win32
		{9839E95C-711F-4342-8EB5-50F1BDC7CA2E}.Release|x64.ActiveCfg = Release|x64
		{9839E95C-711F-4342-8EB5-50F1BDC7CA2E}.Release|x64.Build.0 = Release|x64
		{9839E95C-711F-4342-8EB5-50F1BDC7CA2E}.Release|x86.ActiveCfg = Release|Win32
		{9839E95C-711F-4342-8EB5-50F1BDC7CA2E}.Release|x86.Build.0 = Release|Win32
		{B6EEE8C2-5DE3-4702-A3C8-3CF207FCB86A}.Debug|x64.ActiveCfg = Debug|x64
		{B6EEE8C2-5DE3-4702-A3C8-3CF207FCB86A}.Debug|x64.Build.0 = Debug|x64
		{B6EEE8C2-5DE3-4702-A3C8-3CF207FCB86A}.Debug|x86.ActiveCfg = Debug|Win32
		{B6EEE8C2-5DE3-4702-A3C8-3CF207FCB86A}.Debug|x86.Build.0 = Debug|Win32
		{B6EEE8C2-5DE3-4702-A3C8-3CF207FCB86A}.Release|x64.ActiveCfg = Release|x64
		{B6EEE8C2-5DE3-4702-A3C8-3CF207FCB86A}.Release|x64.Build.0 = Release|x64
		{B6EEE8C2-5DE3-4702-A3C8-3CF207FCB86A}.Release|x86.ActiveCfg = Release|Win32
		{B6EEE8C2-5DE3-4702-A3C8-3CF207FCB86A}.Release|x86.Build.0 = Release|Win32
		{D7933D22-66DE-4002-B43D-CBCDE3DFD5C2}.Debug|x64.ActiveCfg = Debug|x64
		{D7933D22-66DE-4002-B43D-CBCDE3DFD5C2}.Debug|x64.Build.0 = Debug|x64
		{D7933D22-66DE-4002-B43D-CBCDE3DFD5C2}.Debug|x86.ActiveCfg = Debug|Win32
		{D7933D22-66DE-4002-B43D-CBCDE3DFD5C2}.Debug|x86.Build.0 = Debug|Win32
		{D7933D22-66DE-4002-B43D-CBCDE3DFD5C2}.Release|x64.ActiveCfg = Release|x64
		{D7933D22-66DE-4002-B43D-CBCDE3DFD5C2}.Release|x64.Build.0 = Release|x64
		{D7933D22-66DE-4002-B43D-CBCDE3DFD5C2}.Release|x86.ActiveCfg = Release|Win32
		{D7933D22-66DE-4002-B43D-CBCDE3DFD5C2}.Release|x86.Build.0 = Release|Win32
		{76D99BBF-F61E-4D89-A737-C1DBE5EDEDF3}.Debug|x64.ActiveCfg = Debug|x64
		{76D99BBF-F61E-4D89-A737-C1DBE5EDEDF3}.Debug|x64.Build.0 = Debug|x64
		{76D99BBF-F61E-4D89-A737-C1DBE5EDEDF3}.Debug|x86.ActiveCfg = Debug|Win32
		{76D99BBF-F61E-4D89-A737-C1DBE5EDEDF3}.Debug|x86.Build.0 = Debug|Win32
		{76D99BBF-F61E-4D89-A737-C1DBE5EDEDF3}.Release|x64.ActiveCfg = Release|x64
		{76D99BBF-F61E-4D89-A737-C1DBE5EDEDF3}.Release|x64.Build.0 = Release|x64
		{76D99BBF-F61E-4D89-A737-C1DBE5EDEDF3}.Release|x86.ActiveCfg = Release|Win32
		{76D99BBF-F61E-4D89-A737-C1DBE5EDEDF3}.Release|x86.Build.0 = Release|Win32
	EndGlobalSection
	GlobalSection(SolutionProperties) = preSolution
		HideSolutionNode = FALSE
	EndGlobalSection
	GlobalSection(ExtensibilityGlobals) = postSolution
		SolutionGuid = {ACE9CD3D-160B-42BB-85C8-B006131C48BE}
	EndGlobalSection
EndGlobal
